
Microsoft Visual Studio Solution File, Format Version 12.00
# Visual Studio 15
VisualStudioVersion = 15.0.27130.2020
MinimumVisualStudioVersion = 10.0.40219.1
Project("{FAE04EC0-301F-11D3-BF4B-00C04F79EFBC}") = "Debugging", "Debugging.csproj", "{4D107280-4372-48DA-A70A-5875F4201023}"
EndProject
Global
	GlobalSection(SolutionConfigurationPlatforms) = preSolution
		Debug|Any CPU = Debug|Any CPU
		Release|Any CPU = Release|Any CPU
	EndGlobalSection
	GlobalSection(ProjectConfigurationPlatforms) = postSolution
		{4D107280-4372-48DA-A70A-5875F4201023}.Debug|Any CPU.ActiveCfg = Debug|Any CPU
		{4D107280-4372-48DA-A70A-5875F4201023}.Debug|Any CPU.Build.0 = Debug|Any CPU
		{4D107280-4372-48DA-A70A-5875F4201023}.Release|Any CPU.ActiveCfg = Release|Any CPU
		{4D107280-4372-48DA-A70A-5875F4201023}.Release|Any CPU.Build.0 = Release|Any CPU
	EndGlobalSection
	GlobalSection(SolutionProperties) = preSolution
		HideSolutionNode = FALSE
	EndGlobalSection
	GlobalSection(ExtensibilityGlobals) = postSolution
		SolutionGuid = {3CB1FA7E-B899-4324-9D50-25C789671B3F}
	EndGlobalSection
	GlobalSection(TextTemplating) = postSolution
		TextTemplating = 1
	EndGlobalSection
EndGlobal
